
Microsoft Visual Studio Solution File, Format Version 12.00
# Visual Studio Version 16
VisualStudioVersion = 16.0.30804.86
MinimumVisualStudioVersion = 10.0.40219.1
Project("{FAE04EC0-301F-11D3-BF4B-00C04F79EFBC}") = "KK.DeepCharacterGenerator", "KK.DeepCharacterGenerator.csproj", "{57C5A6BA-6B89-402B-A4DF-846AC848AD3E}"
EndProject
Global
	GlobalSection(SolutionConfigurationPlatforms) = preSolution
		Debug|Any CPU = Debug|Any CPU
		Release|Any CPU = Release|Any CPU
	EndGlobalSection
	GlobalSection(ProjectConfigurationPlatforms) = postSolution
		{57C5A6BA-6B89-402B-A4DF-846AC848AD3E}.Debug|Any CPU.ActiveCfg = Debug|Any CPU
		{57C5A6BA-6B89-402B-A4DF-846AC848AD3E}.Debug|Any CPU.Build.0 = Debug|Any CPU
		{57C5A6BA-6B89-402B-A4DF-846AC848AD3E}.Release|Any CPU.ActiveCfg = Release|Any CPU
		{57C5A6BA-6B89-402B-A4DF-846AC848AD3E}.Release|Any CPU.Build.0 = Release|Any CPU
	EndGlobalSection
	GlobalSection(SolutionProperties) = preSolution
		HideSolutionNode = FALSE
	EndGlobalSection
	GlobalSection(ExtensibilityGlobals) = postSolution
		SolutionGuid = {DF0533D5-8ECC-4117-9C94-131871B840EE}
	EndGlobalSection
EndGlobal
